
Microsoft Visual Studio Solution File, Format Version 12.00
# Visual Studio Version 16
VisualStudioVersion = 16.0.29920.165
MinimumVisualStudioVersion = 10.0.40219.1
Project("{FAE04EC0-301F-11D3-BF4B-00C04F79EFBC}") = "MetronomeApp", "MetronomeApp\MetronomeApp.csproj", "{FA6E160C-0E54-4228-AB8E-67C39D5BA62B}"
EndProject
Global
	GlobalSection(SolutionConfigurationPlatforms) = preSolution
		Debug|Any CPU = Debug|Any CPU
		Release|Any CPU = Release|Any CPU
	EndGlobalSection
	GlobalSection(ProjectConfigurationPlatforms) = postSolution
		{FA6E160C-0E54-4228-AB8E-67C39D5BA62B}.Debug|Any CPU.ActiveCfg = Debug|Any CPU
		{FA6E160C-0E54-4228-AB8E-67C39D5BA62B}.Debug|Any CPU.Build.0 = Debug|Any CPU
		{FA6E160C-0E54-4228-AB8E-67C39D5BA62B}.Release|Any CPU.ActiveCfg = Release|Any CPU
		{FA6E160C-0E54-4228-AB8E-67C39D5BA62B}.Release|Any CPU.Build.0 = Release|Any CPU
	EndGlobalSection
	GlobalSection(SolutionProperties) = preSolution
		HideSolutionNode = FALSE
	EndGlobalSection
	GlobalSection(ExtensibilityGlobals) = postSolution
		SolutionGuid = {28370079-9613-4B8A-B238-83DE83FFEC84}
	EndGlobalSection
EndGlobal
